
Microsoft Visual Studio Solution File, Format Version 12.00
# Visual Studio Version 17
VisualStudioVersion = 17.9.34701.34
MinimumVisualStudioVersion = 10.0.40219.1
Project("{FAE04EC0-301F-11D3-BF4B-00C04F79EFBC}") = "DE_Lopuh", "DE_Lopuh\DE_Lopuh.csproj", "{0D38B7FD-4B7A-47E2-8D3B-6F95CB8816F3}"
EndProject
Global
	GlobalSection(SolutionConfigurationPlatforms) = preSolution
		Debug|Any CPU = Debug|Any CPU
		Release|Any CPU = Release|Any CPU
	EndGlobalSection
	GlobalSection(ProjectConfigurationPlatforms) = postSolution
		{0D38B7FD-4B7A-47E2-8D3B-6F95CB8816F3}.Debug|Any CPU.ActiveCfg = Debug|Any CPU
		{0D38B7FD-4B7A-47E2-8D3B-6F95CB8816F3}.Debug|Any CPU.Build.0 = Debug|Any CPU
		{0D38B7FD-4B7A-47E2-8D3B-6F95CB8816F3}.Release|Any CPU.ActiveCfg = Release|Any CPU
		{0D38B7FD-4B7A-47E2-8D3B-6F95CB8816F3}.Release|Any CPU.Build.0 = Release|Any CPU
	EndGlobalSection
	GlobalSection(SolutionProperties) = preSolution
		HideSolutionNode = FALSE
	EndGlobalSection
	GlobalSection(ExtensibilityGlobals) = postSolution
		SolutionGuid = {540E8937-AB07-49FC-93D7-95C03C345CA0}
	EndGlobalSection
EndGlobal
